github.com/gethinode/hinode/v2 v2.8.2 h1:OFg+7CWz8mZ14RfZer65sdGasQRF0awB69WthSd/Slk=
github.com/gethinode/hinode/v2 v2.8.2/go.mod h1:84YmrDa73LTcYTyU1vlDSd3jKtL3NIWbwWwmxGKFMz8=
github.com/gethinode/mod-blocks v1.22.1 h1:akTuUmBbC81SvgfVIRXCu/g4UuelEYnlhjYNVmyE2UM=
github.com/gethinode/mod-blocks v1.22.1/go.mod h1:7a0rJUYtWi9HJZ6sf/7aiuZiVnMxh/r8ZuArv0ELlbM=
