github.com/airbnb/lottie-web v5.12.2+incompatible h1:Ldogtlhiucf7mMsgisyxSBY0qunV44+lpa9Icy2KoQc=
github.com/airbnb/lottie-web v5.12.2+incompatible/go.mod h1:nTss557UK9FGnp8QYlCMO29tjUHwbdAHG/DprbGfHGE=
github.com/gethinode/hinode v0.26.3 h1:2bd2YTrIych1NsQUds618bK0CFVINWrHP4fhm3NMu5Q=
github.com/gethinode/hinode v0.26.3/go.mod h1:zpNIM+xzVvXtdAvJUzhwEefLiqhScWfcPtC8/7n8xYY=
github.com/gethinode/hinode v0.27.11 h1:Gcb89fpMHHRQlhyI6LEJ3W+rpoHnTqbHIWRFgZLDDmw=
github.com/gethinode/hinode v0.27.11/go.mod h1:LarPosM8kimSWI+gG6ARxmXpM+wXfT/s5K99ZrtFjwA=
github.com/gethinode/mod-bootstrap v1.3.1 h1:ZUX72St0WZ5tyXpEPBJlayX/dmCH3cGErzsozkUKCok=
github.com/gethinode/mod-bootstrap v1.3.1/go.mod h1:CL9IDot6nbXIWJYE/KxfsTdYYEJIGL17BXbAYPn+wVQ=
github.com/gethinode/mod-flexsearch/v2 v2.0.2 h1:5FkLbjORwKvK544H/yaAltyIB7eptRPxxh5VcfDDeqM=
github.com/gethinode/mod-flexsearch/v2 v2.0.2/go.mod h1:d7MMkVlz0l6cEk76e0mkveEsDxGfu5Sv+HUIhoGguhE=
github.com/gethinode/mod-fontawesome v1.10.0 h1:Izs2AKc+YVBa1TywcH54OKLTNCUMXRoFIqOs+n0FgOo=
github.com/gethinode/mod-fontawesome v1.10.0/go.mod h1:xBKsZH3WJtMOItZVlp9SbO51uaBy6IbvUZSKpNu3b6Y=
github.com/gethinode/mod-katex v1.1.2 h1:TbeVIWeG5TqldlVxpM1upOWj11RljXy4fhpOQIwOnS4=
github.com/gethinode/mod-katex v1.1.2/go.mod h1:byAfpI3wuqNJIooTGVEGc1cjBhhCy4+CcK1H6495MYg=
github.com/gethinode/mod-leaflet v1.2.0 h1:5q5LHmGNi9N4cdRDCsl/6oI8vY3oQ2ogNUjP3NCnk4Y=
github.com/gethinode/mod-leaflet v1.2.0/go.mod h1:Ei0x9WiL7Dbi4JeG6yI1CE63bT1QJ8sKi67Jea1wFSE=
github.com/gethinode/mod-lottie v1.5.11 h1:xhxBPDS0iyUY+C1ANaD5EeQV7fO1FG0wMoCjgrCMi/0=
github.com/gethinode/mod-lottie v1.5.11/go.mod h1:6FKqk8c+Jkbk2udCxUKVLF1K1wrGwthPsOvRzeoPXRQ=
github.com/gethinode/mod-simple-datatables v1.1.3 h1:a+uIfgc6c+9Zc38Q+Kzd3cWeFhC8BW/rP9/rnd2/ZKM=
github.com/gethinode/mod-simple-datatables v1.1.3/go.mod h1:8q/6f3uAPNTTP5NjEJOuXr6tEWelRFLJfzVJ3AODMlQ=
github.com/gethinode/mod-utils/v2 v2.8.3 h1:t1MJcIdFhYi0gCkm8f0DYZwyfq7pRdRc0eNpqZa11ic=
github.com/gethinode/mod-utils/v2 v2.8.3/go.mod h1:GTYeknoLujNjfDxI+V9Dcug26CYJSTJ0B/U2dagw9oY=
github.com/nextapps-de/flexsearch v0.0.0-20240501124520-961c3ae84a87 h1:6PNbL0/LxO8Xl8MZSe5uvCidYNpFTz9nlWTqj2qdlzA=
github.com/nextapps-de/flexsearch v0.0.0-20240501124520-961c3ae84a87/go.mod h1:5GdMfPAXzbA2gXBqTjC6l27kioSYzHlqDMh0+wyx7sU=
github.com/twbs/bootstrap v5.3.3+incompatible h1:goFoqinzdHfkeegpFP7pvhbd0g+A3O2hbU3XCjuNrEQ=
github.com/twbs/bootstrap v5.3.3+incompatible/go.mod h1:fZTSrkpSf0/HkL0IIJzvVspTt1r9zuf7XlZau8kpcY0=
